
Microsoft Visual Studio Solution File, Format Version 12.00
# Visual Studio Version 17
VisualStudioVersion = 17.4.33213.308
MinimumVisualStudioVersion = 10.0.40219.1
Project("{FAE04EC0-301F-11D3-BF4B-00C04F79EFBC}") = "BudGet2.0", "BudGet2.0.csproj", "{12CE8608-1F24-4247-9441-610A98D3E71A}"
EndProject
Global
	GlobalSection(SolutionConfigurationPlatforms) = preSolution
		Debug|Any CPU = Debug|Any CPU
		Release|Any CPU = Release|Any CPU
	EndGlobalSection
	GlobalSection(ProjectConfigurationPlatforms) = postSolution
		{12CE8608-1F24-4247-9441-610A98D3E71A}.Debug|Any CPU.ActiveCfg = Debug|Any CPU
		{12CE8608-1F24-4247-9441-610A98D3E71A}.Debug|Any CPU.Build.0 = Debug|Any CPU
		{12CE8608-1F24-4247-9441-610A98D3E71A}.Release|Any CPU.ActiveCfg = Release|Any CPU
		{12CE8608-1F24-4247-9441-610A98D3E71A}.Release|Any CPU.Build.0 = Release|Any CPU
	EndGlobalSection
	GlobalSection(SolutionProperties) = preSolution
		HideSolutionNode = FALSE
	EndGlobalSection
	GlobalSection(ExtensibilityGlobals) = postSolution
		SolutionGuid = {BC58EF4B-993E-41DA-9AF9-F2CC74BC97CC}
	EndGlobalSection
EndGlobal
